
Microsoft Visual Studio Solution File, Format Version 12.00
# Visual Studio Version 17
VisualStudioVersion = 17.5.33516.290
MinimumVisualStudioVersion = 10.0.40219.1
Project("{FAE04EC0-301F-11D3-BF4B-00C04F79EFBC}") = "AimyProjectNunit", "AimyProjectNunit\AimyProjectNunit.csproj", "{DCEE6873-57C3-43D8-A132-9B1802B2DBF3}"
EndProject
Global
	GlobalSection(SolutionConfigurationPlatforms) = preSolution
		Debug|Any CPU = Debug|Any CPU
		Release|Any CPU = Release|Any CPU
	EndGlobalSection
	GlobalSection(ProjectConfigurationPlatforms) = postSolution
		{DCEE6873-57C3-43D8-A132-9B1802B2DBF3}.Debug|Any CPU.ActiveCfg = Debug|Any CPU
		{DCEE6873-57C3-43D8-A132-9B1802B2DBF3}.Debug|Any CPU.Build.0 = Debug|Any CPU
		{DCEE6873-57C3-43D8-A132-9B1802B2DBF3}.Release|Any CPU.ActiveCfg = Release|Any CPU
		{DCEE6873-57C3-43D8-A132-9B1802B2DBF3}.Release|Any CPU.Build.0 = Release|Any CPU
	EndGlobalSection
	GlobalSection(SolutionProperties) = preSolution
		HideSolutionNode = FALSE
	EndGlobalSection
	GlobalSection(ExtensibilityGlobals) = postSolution
		SolutionGuid = {68163591-95DD-4FF2-8C24-8E06DE70165E}
	EndGlobalSection
EndGlobal
